
Microsoft Visual Studio Solution File, Format Version 12.00
# Visual Studio 15
VisualStudioVersion = 15.0.28307.1209
MinimumVisualStudioVersion = 10.0.40219.1
Project("{8BC9CEB8-8B4A-11D0-8D11-00A0C91BC942}") = "md5-cpp", "md5-cpp\md5-cpp.vcxproj", "{2D514511-3C44-4AA0-8354-EA73A8B44FA5}"
EndProject
Global
	GlobalSection(SolutionConfigurationPlatforms) = preSolution
		Debug|x64 = Debug|x64
		Debug|x86 = Debug|x86
		Release|x64 = Release|x64
		Release|x86 = Release|x86
	EndGlobalSection
	GlobalSection(ProjectConfigurationPlatforms) = postSolution
		{2D514511-3C44-4AA0-8354-EA73A8B44FA5}.Debug|x64.ActiveCfg = Debug|x64
		{2D514511-3C44-4AA0-8354-EA73A8B44FA5}.Debug|x64.Build.0 = Debug|x64
		{2D514511-3C44-4AA0-8354-EA73A8B44FA5}.Debug|x86.ActiveCfg = Debug|Win32
		{2D514511-3C44-4AA0-8354-EA73A8B44FA5}.Debug|x86.Build.0 = Debug|Win32
		{2D514511-3C44-4AA0-8354-EA73A8B44FA5}.Release|x64.ActiveCfg = Release|x64
		{2D514511-3C44-4AA0-8354-EA73A8B44FA5}.Release|x64.Build.0 = Release|x64
		{2D514511-3C44-4AA0-8354-EA73A8B44FA5}.Release|x86.ActiveCfg = Release|Win32
		{2D514511-3C44-4AA0-8354-EA73A8B44FA5}.Release|x86.Build.0 = Release|Win32
	EndGlobalSection
	GlobalSection(SolutionProperties) = preSolution
		HideSolutionNode = FALSE
	EndGlobalSection
	GlobalSection(ExtensibilityGlobals) = postSolution
		SolutionGuid = {DFDBF526-AE52-402A-AB15-D59C61AF7480}
	EndGlobalSection
EndGlobal
